// !$*UTF8*$!
{
	archiveVersion = 1;
	classes = {
	};
	objectVersion = 77;
	objects = {

/* Begin PBXBuildFile section */
		FF0A1D842DAB88AF004E4EE7 /* .gitignore in Resources */ = {isa = PBXBuildFile; fileRef = FF0A1D832DAB88AF004E4EE7 /* .gitignore */; };
		FF0A1D862DAB88D4004E4EE7 /* project.yml in Resources */ = {isa = PBXBuildFile; fileRef = FF0A1D852DAB88D4004E4EE7 /* project.yml */; };
/* End PBXBuildFile section */

/* Begin PBXContainerItemProxy section */
		FFA709522DAABB8800C97E02 /* PBXContainerItemProxy */ = {
			isa = PBXContainerItemProxy;
			containerPortal = FFA7093A2DAABB8600C97E02 /* Project object */;
			proxyType = 1;
			remoteGlobalIDString = FFA709412DAABB8600C97E02;
			remoteInfo = ComposableTodo;
		};
		FFA7095C2DAABB8800C97E02 /* PBXContainerItemProxy */ = {
			isa = PBXContainerItemProxy;
			containerPortal = FFA7093A2DAABB8600C97E02 /* Project object */;
			proxyType = 1;
			remoteGlobalIDString = FFA709412DAABB8600C97E02;
			remoteInfo = ComposableTodo;
		};
/* End PBXContainerItemProxy section */

/* Begin PBXFileReference section */
		FF0A1D832DAB88AF004E4EE7 /* .gitignore */ = {isa = PBXFileReference; lastKnownFileType = text; path = .gitignore; sourceTree = "<group>"; };
		FF0A1D852DAB88D4004E4EE7 /* project.yml */ = {isa = PBXFileReference; lastKnownFileType = text.yaml; path = project.yml; sourceTree = "<group>"; };
		FFA709422DAABB8600C97E02 /* ComposableTodo.app */ = {isa = PBXFileReference; explicitFileType = wrapper.application; includeInIndex = 0; path = ComposableTodo.app; sourceTree = BUILT_PRODUCTS_DIR; };
		FFA709512DAABB8800C97E02 /* ComposableTodoTests.xctest */ = {isa = PBXFileReference; explicitFileType = wrapper.cfbundle; includeInIndex = 0; path = ComposableTodoTests.xctest; sourceTree = BUILT_PRODUCTS_DIR; };
		FFA7095B2DAABB8800C97E02 /* ComposableTodoUITests.xctest */ = {isa = PBXFileReference; explicitFileType = wrapper.cfbundle; includeInIndex = 0; path = ComposableTodoUITests.xctest; sourceTree = BUILT_PRODUCTS_DIR; };
/* End PBXFileReference section */

/* Begin PBXFileSystemSynchronizedRootGroup section */
		FFA709442DAABB8600C97E02 /* ComposableTodo */ = {
			isa = PBXFileSystemSynchronizedRootGroup;
			path = ComposableTodo;
			sourceTree = "<group>";
		};
		FFA709542DAABB8800C97E02 /* ComposableTodoTests */ = {
			isa = PBXFileSystemSynchronizedRootGroup;
			path = ComposableTodoTests;
			sourceTree = "<group>";
		};
		FFA7095E2DAABB8800C97E02 /* ComposableTodoUITests */ = {
			isa = PBXFileSystemSynchronizedRootGroup;
			path = ComposableTodoUITests;
			sourceTree = "<group>";
		};
/* End PBXFileSystemSynchronizedRootGroup section */

/* Begin PBXFrameworksBuildPhase section */
		FFA7093F2DAABB8600C97E02 /* Frameworks */ = {
			isa = PBXFrameworksBuildPhase;
			buildActionMask = 2147483647;
			files = (
			);
			runOnlyForDeploymentPostprocessing = 0;
		};
		FFA7094E2DAABB8800C97E02 /* Frameworks */ = {
			isa = PBXFrameworksBuildPhase;
			buildActionMask = 2147483647;
			files = (
			);
			runOnlyForDeploymentPostprocessing = 0;
		};
		FFA709582DAABB8800C97E02 /* Frameworks */ = {
			isa = PBXFrameworksBuildPhase;
			buildActionMask = 2147483647;
			files = (
			);
			runOnlyForDeploymentPostprocessing = 0;
		};
/* End PBXFrameworksBuildPhase section */

/* Begin PBXGroup section */
		FFA709392DAABB8600C97E02 = {
			isa = PBXGroup;
			children = (
				FF0A1D852DAB88D4004E4EE7 /* project.yml */,
				FF0A1D832DAB88AF004E4EE7 /* .gitignore */,
				FFA709442DAABB8600C97E02 /* ComposableTodo */,
				FFA709542DAABB8800C97E02 /* ComposableTodoTests */,
				FFA7095E2DAABB8800C97E02 /* ComposableTodoUITests */,
				FFA709432DAABB8600C97E02 /* Products */,
			);
			sourceTree = "<group>";
		};
		FFA709432DAABB8600C97E02 /* Products */ = {
			isa = PBXGroup;
			children = (
				FFA709422DAABB8600C97E02 /* ComposableTodo.app */,
				FFA709512DAABB8800C97E02 /* ComposableTodoTests.xctest */,
				FFA7095B2DAABB8800C97E02 /* ComposableTodoUITests.xctest */,
			);
			name = Products;
			sourceTree = "<group>";
		};
/* End PBXGroup section */

/* Begin PBXNativeTarget section */
		FFA709412DAABB8600C97E02 /* ComposableTodo */ = {
			isa = PBXNativeTarget;
			buildConfigurationList = FFA709652DAABB8800C97E02 /* Build configuration list for PBXNativeTarget "ComposableTodo" */;
			buildPhases = (
				FFA7093E2DAABB8600C97E02 /* Sources */,
				FFA7093F2DAABB8600C97E02 /* Frameworks */,
				FFA709402DAABB8600C97E02 /* Resources */,
			);
			buildRules = (
			);
			dependencies = (
			);
			fileSystemSynchronizedGroups = (
				FFA709442DAABB8600C97E02 /* ComposableTodo */,
			);
			name = ComposableTodo;
			packageProductDependencies = (
			);
			productName = ComposableTodo;
			productReference = FFA709422DAABB8600C97E02 /* ComposableTodo.app */;
			productType = "com.apple.product-type.application";
		};
		FFA709502DAABB8800C97E02 /* ComposableTodoTests */ = {
			isa = PBXNativeTarget;
			buildConfigurationList = FFA709682DAABB8800C97E02 /* Build configuration list for PBXNativeTarget "ComposableTodoTests" */;
			buildPhases = (
				FFA7094D2DAABB8800C97E02 /* Sources */,
				FFA7094E2DAABB8800C97E02 /* Frameworks */,
				FFA7094F2DAABB8800C97E02 /* Resources */,
			);
			buildRules = (
			);
			dependencies = (
				FFA709532DAABB8800C97E02 /* PBXTargetDependency */,
			);
			fileSystemSynchronizedGroups = (
				FFA709542DAABB8800C97E02 /* ComposableTodoTests */,
			);
			name = ComposableTodoTests;
			packageProductDependencies = (
			);
			productName = ComposableTodoTests;
			productReference = FFA709512DAABB8800C97E02 /* ComposableTodoTests.xctest */;
			productType = "com.apple.product-type.bundle.unit-test";
		};
		FFA7095A2DAABB8800C97E02 /* ComposableTodoUITests */ = {
			isa = PBXNativeTarget;
			buildConfigurationList = FFA7096B2DAABB8800C97E02 /* Build configuration list for PBXNativeTarget "ComposableTodoUITests" */;
			buildPhases = (
				FFA709572DAABB8800C97E02 /* Sources */,
				FFA709582DAABB8800C97E02 /* Frameworks */,
				FFA709592DAABB8800C97E02 /* Resources */,
			);
			buildRules = (
			);
			dependencies = (
				FFA7095D2DAABB8800C97E02 /* PBXTargetDependency */,
			);
			fileSystemSynchronizedGroups = (
				FFA7095E2DAABB8800C97E02 /* ComposableTodoUITests */,
			);
			name = ComposableTodoUITests;
			packageProductDependencies = (
			);
			productName = ComposableTodoUITests;
			productReference = FFA7095B2DAABB8800C97E02 /* ComposableTodoUITests.xctest */;
			productType = "com.apple.product-type.bundle.ui-testing";
		};
/* End PBXNativeTarget section */

/* Begin PBXProject section */
		FFA7093A2DAABB8600C97E02 /* Project object */ = {
			isa = PBXProject;
			attributes = {
				BuildIndependentTargetsInParallel = 1;
				LastSwiftUpdateCheck = 1630;
				LastUpgradeCheck = 1630;
				TargetAttributes = {
					FFA709412DAABB8600C97E02 = {
						CreatedOnToolsVersion = 16.3;
					};
					FFA709502DAABB8800C97E02 = {
						CreatedOnToolsVersion = 16.3;
						TestTargetID = FFA709412DAABB8600C97E02;
					};
					FFA7095A2DAABB8800C97E02 = {
						CreatedOnToolsVersion = 16.3;
						TestTargetID = FFA709412DAABB8600C97E02;
					};
				};
			};
			buildConfigurationList = FFA7093D2DAABB8600C97E02 /* Build configuration list for PBXProject "ComposableTodo" */;
			developmentRegion = en;
			hasScannedForEncodings = 0;
			knownRegions = (
				en,
				Base,
			);
			mainGroup = FFA709392DAABB8600C97E02;
			minimizedProjectReferenceProxies = 1;
			packageReferences = (
			);
			preferredProjectObjectVersion = 77;
			productRefGroup = FFA709432DAABB8600C97E02 /* Products */;
			projectDirPath = "";
			projectRoot = "";
			targets = (
				FFA709412DAABB8600C97E02 /* ComposableTodo */,
				FFA709502DAABB8800C97E02 /* ComposableTodoTests */,
				FFA7095A2DAABB8800C97E02 /* ComposableTodoUITests */,
			);
		};
/* End PBXProject section */

/* Begin PBXResourcesBuildPhase section */
		FFA709402DAABB8600C97E02 /* Resources */ = {
			isa = PBXResourcesBuildPhase;
			buildActionMask = 2147483647;
			files = (
				FF0A1D842DAB88AF004E4EE7 /* .gitignore in Resources */,
				FF0A1D862DAB88D4004E4EE7 /* project.yml in Resources */,
			);
			runOnlyForDeploymentPostprocessing = 0;
		};
		FFA7094F2DAABB8800C97E02 /* Resources */ = {
			isa = PBXResourcesBuildPhase;
			buildActionMask = 2147483647;
			files = (
			);
			runOnlyForDeploymentPostprocessing = 0;
		};
		FFA709592DAABB8800C97E02 /* Resources */ = {
			isa = PBXResourcesBuildPhase;
			buildActionMask = 2147483647;
			files = (
			);
			runOnlyForDeploymentPostprocessing = 0;
		};
/* End PBXResourcesBuildPhase section */

/* Begin PBXSourcesBuildPhase section */
		FFA7093E2DAABB8600C97E02 /* Sources */ = {
			isa = PBXSourcesBuildPhase;
			buildActionMask = 2147483647;
			files = (
			);
			runOnlyForDeploymentPostprocessing = 0;
		};
		FFA7094D2DAABB8800C97E02 /* Sources */ = {
			isa = PBXSourcesBuildPhase;
			buildActionMask = 2147483647;
			files = (
			);
			runOnlyForDeploymentPostprocessing = 0;
		};
		FFA709572DAABB8800C97E02 /* Sources */ = {
			isa = PBXSourcesBuildPhase;
			buildActionMask = 2147483647;
			files = (
			);
			runOnlyForDeploymentPostprocessing = 0;
		};
/* End PBXSourcesBuildPhase section */

/* Begin PBXTargetDependency section */
		FFA709532DAABB8800C97E02 /* PBXTargetDependency */ = {
			isa = PBXTargetDependency;
			target = FFA709412DAABB8600C97E02 /* ComposableTodo */;
			targetProxy = FFA709522DAABB8800C97E02 /* PBXContainerItemProxy */;
		};
		FFA7095D2DAABB8800C97E02 /* PBXTargetDependency */ = {
			isa = PBXTargetDependency;
			target = FFA709412DAABB8600C97E02 /* ComposableTodo */;
			targetProxy = FFA7095C2DAABB8800C97E02 /* PBXContainerItemProxy */;
		};
/* End PBXTargetDependency section */

/* Begin XCBuildConfiguration section */
		FFA709632DAABB8800C97E02 /* Debug */ = {
			isa = XCBuildConfiguration;
			buildSettings = {
				ALWAYS_SEARCH_USER_PATHS = NO;
				ASSETCATALOG_COMPILER_GENERATE_SWIFT_ASSET_SYMBOL_EXTENSIONS = YES;
				CLANG_ANALYZER_NONNULL = YES;
				CLANG_ANALYZER_NUMBER_OBJECT_CONVERSION = YES_AGGRESSIVE;
				CLANG_CXX_LANGUAGE_STANDARD = "gnu++20";
				CLANG_ENABLE_MODULES = YES;
				CLANG_ENABLE_OBJC_ARC = YES;
				CLANG_ENABLE_OBJC_WEAK = YES;
				CLANG_WARN_BLOCK_CAPTURE_AUTORELEASING = YES;
				CLANG_WARN_BOOL_CONVERSION = YES;
				CLANG_WARN_COMMA = YES;
				CLANG_WARN_CONSTANT_CONVERSION = YES;
				CLANG_WARN_DEPRECATED_OBJC_IMPLEMENTATIONS = YES;
				CLANG_WARN_DIRECT_OBJC_ISA_USAGE = YES_ERROR;
				CLANG_WARN_DOCUMENTATION_COMMENTS = YES;
				CLANG_WARN_EMPTY_BODY = YES;
				CLANG_WARN_ENUM_CONVERSION = YES;
				CLANG_WARN_INFINITE_RECURSION = YES;
				CLANG_WARN_INT_CONVERSION = YES;
				CLANG_WARN_NON_LITERAL_NULL_CONVERSION = YES;
				CLANG_WARN_OBJC_IMPLICIT_RETAIN_SELF = YES;
				CLANG_WARN_OBJC_LITERAL_CONVERSION = YES;
				CLANG_WARN_OBJC_ROOT_CLASS = YES_ERROR;
				CLANG_WARN_QUOTED_INCLUDE_IN_FRAMEWORK_HEADER = YES;
				CLANG_WARN_RANGE_LOOP_ANALYSIS = YES;
				CLANG_WARN_STRICT_PROTOTYPES = YES;
				CLANG_WARN_SUSPICIOUS_MOVE = YES;
				CLANG_WARN_UNGUARDED_AVAILABILITY = YES_AGGRESSIVE;
				CLANG_WARN_UNREACHABLE_CODE = YES;
				CLANG_WARN__DUPLICATE_METHOD_MATCH = YES;
				COPY_PHASE_STRIP = NO;
				DEBUG_INFORMATION_FORMAT = dwarf;
				DEVELOPMENT_TEAM = 37BC8RS2XN;
				ENABLE_STRICT_OBJC_MSGSEND = YES;
				ENABLE_TESTABILITY = YES;
				ENABLE_USER_SCRIPT_SANDBOXING = YES;
				GCC_C_LANGUAGE_STANDARD = gnu17;
				GCC_DYNAMIC_NO_PIC = NO;
				GCC_NO_COMMON_BLOCKS = YES;
				GCC_OPTIMIZATION_LEVEL = 0;
				GCC_PREPROCESSOR_DEFINITIONS = (
					"DEBUG=1",
					"$(inherited)",
				);
				GCC_WARN_64_TO_32_BIT_CONVERSION = YES;
				GCC_WARN_ABOUT_RETURN_TYPE = YES_ERROR;
				GCC_WARN_UNDECLARED_SELECTOR = YES;
				GCC_WARN_UNINITIALIZED_AUTOS = YES_AGGRESSIVE;
				GCC_WARN_UNUSED_FUNCTION = YES;
				GCC_WARN_UNUSED_VARIABLE = YES;
				IPHONEOS_DEPLOYMENT_TARGET = 18.4;
				LOCALIZATION_PREFERS_STRING_CATALOGS = YES;
				MTL_ENABLE_DEBUG_INFO = INCLUDE_SOURCE;
				MTL_FAST_MATH = YES;
				ONLY_ACTIVE_ARCH = YES;
				SDKROOT = iphoneos;
				SWIFT_ACTIVE_COMPILATION_CONDITIONS = "DEBUG $(inherited)";
				SWIFT_OPTIMIZATION_LEVEL = "-Onone";
			};
			name = Debug;
		};
		FFA709642DAABB8800C97E02 /* Release */ = {
			isa = XCBuildConfiguration;
			buildSettings = {
				ALWAYS_SEARCH_USER_PATHS = NO;
				ASSETCATALOG_COMPILER_GENERATE_SWIFT_ASSET_SYMBOL_EXTENSIONS = YES;
				CLANG_ANALYZER_NONNULL = YES;
				CLANG_ANALYZER_NUMBER_OBJECT_CONVERSION = YES_AGGRESSIVE;
				CLANG_CXX_LANGUAGE_STANDARD = "gnu++20";
				CLANG_ENABLE_MODULES = YES;
				CLANG_ENABLE_OBJC_ARC = YES;
				CLANG_ENABLE_OBJC_WEAK = YES;
				CLANG_WARN_BLOCK_CAPTURE_AUTORELEASING = YES;
				CLANG_WARN_BOOL_CONVERSION = YES;
				CLANG_WARN_COMMA = YES;
				CLANG_WARN_CONSTANT_CONVERSION = YES;
				CLANG_WARN_DEPRECATED_OBJC_IMPLEMENTATIONS = YES;
				CLANG_WARN_DIRECT_OBJC_ISA_USAGE = YES_ERROR;
				CLANG_WARN_DOCUMENTATION_COMMENTS = YES;
				CLANG_WARN_EMPTY_BODY = YES;
				CLANG_WARN_ENUM_CONVERSION = YES;
				CLANG_WARN_INFINITE_RECURSION = YES;
				CLANG_WARN_INT_CONVERSION = YES;
				CLANG_WARN_NON_LITERAL_NULL_CONVERSION = YES;
				CLANG_WARN_OBJC_IMPLICIT_RETAIN_SELF = YES;
				CLANG_WARN_OBJC_LITERAL_CONVERSION = YES;
				CLANG_WARN_OBJC_ROOT_CLASS = YES_ERROR;
				CLANG_WARN_QUOTED_INCLUDE_IN_FRAMEWORK_HEADER = YES;
				CLANG_WARN_RANGE_LOOP_ANALYSIS = YES;
				CLANG_WARN_STRICT_PROTOTYPES = YES;
				CLANG_WARN_SUSPICIOUS_MOVE = YES;
				CLANG_WARN_UNGUARDED_AVAILABILITY = YES_AGGRESSIVE;
				CLANG_WARN_UNREACHABLE_CODE = YES;
				CLANG_WARN__DUPLICATE_METHOD_MATCH = YES;
				COPY_PHASE_STRIP = NO;
				DEBUG_INFORMATION_FORMAT = "dwarf-with-dsym";
				DEVELOPMENT_TEAM = 37BC8RS2XN;
				ENABLE_NS_ASSERTIONS = NO;
				ENABLE_STRICT_OBJC_MSGSEND = YES;
				ENABLE_USER_SCRIPT_SANDBOXING = YES;
				GCC_C_LANGUAGE_STANDARD = gnu17;
				GCC_NO_COMMON_BLOCKS = YES;
				GCC_WARN_64_TO_32_BIT_CONVERSION = YES;
				GCC_WARN_ABOUT_RETURN_TYPE = YES_ERROR;
				GCC_WARN_UNDECLARED_SELECTOR = YES;
				GCC_WARN_UNINITIALIZED_AUTOS = YES_AGGRESSIVE;
				GCC_WARN_UNUSED_FUNCTION = YES;
				GCC_WARN_UNUSED_VARIABLE = YES;
				IPHONEOS_DEPLOYMENT_TARGET = 18.4;
				LOCALIZATION_PREFERS_STRING_CATALOGS = YES;
				MTL_ENABLE_DEBUG_INFO = NO;
				MTL_FAST_MATH = YES;
				SDKROOT = iphoneos;
				SWIFT_COMPILATION_MODE = wholemodule;
				VALIDATE_PRODUCT = YES;
			};
			name = Release;
		};
		FFA709662DAABB8800C97E02 /* Debug */ = {
			isa = XCBuildConfiguration;
			buildSettings = {
				ASSETCATALOG_COMPILER_APPICON_NAME = AppIcon;
				ASSETCATALOG_COMPILER_GLOBAL_ACCENT_COLOR_NAME = AccentColor;
				CODE_SIGN_STYLE = Automatic;
				CURRENT_PROJECT_VERSION = 1;
				DEVELOPMENT_TEAM = 37BC8RS2XN;
				ENABLE_PREVIEWS = YES;
				GENERATE_INFOPLIST_FILE = YES;
				INFOPLIST_KEY_UIApplicationSceneManifest_Generation = YES;
				INFOPLIST_KEY_UIApplicationSupportsIndirectInputEvents = YES;
				INFOPLIST_KEY_UILaunchScreen_Generation = YES;
				INFOPLIST_KEY_UISupportedInterfaceOrientations_iPad = "UIInterfaceOrientationPortrait UIInterfaceOrientationPortraitUpsideDown UIInterfaceOrientationLandscapeLeft UIInterfaceOrientationLandscapeRight";
				INFOPLIST_KEY_UISupportedInterfaceOrientations_iPhone = "UIInterfaceOrientationPortrait UIInterfaceOrientationLandscapeLeft UIInterfaceOrientationLandscapeRight";
				LD_RUNPATH_SEARCH_PATHS = (
					"$(inherited)",
					"@executable_path/Frameworks",
				);
				MARKETING_VERSION = 1.0;
				PRODUCT_BUNDLE_IDENTIFIER = algoria.ComposableTodo;
				PRODUCT_NAME = "$(TARGET_NAME)";
				SWIFT_EMIT_LOC_STRINGS = YES;
				SWIFT_VERSION = 5.0;
				TARGETED_DEVICE_FAMILY = "1,2";
			};
			name = Debug;
		};
		FFA709672DAABB8800C97E02 /* Release */ = {
			isa = XCBuildConfiguration;
			buildSettings = {
				ASSETCATALOG_COMPILER_APPICON_NAME = AppIcon;
				ASSETCATALOG_COMPILER_GLOBAL_ACCENT_COLOR_NAME = AccentColor;
				CODE_SIGN_STYLE = Automatic;
				CURRENT_PROJECT_VERSION = 1;
				DEVELOPMENT_TEAM = 37BC8RS2XN;
				ENABLE_PREVIEWS = YES;
				GENERATE_INFOPLIST_FILE = YES;
				INFOPLIST_KEY_UIApplicationSceneManifest_Generation = YES;
				INFOPLIST_KEY_UIApplicationSupportsIndirectInputEvents = YES;
				INFOPLIST_KEY_UILaunchScreen_Generation = YES;
				INFOPLIST_KEY_UISupportedInterfaceOrientations_iPad = "UIInterfaceOrientationPortrait UIInterfaceOrientationPortraitUpsideDown UIInterfaceOrientationLandscapeLeft UIInterfaceOrientationLandscapeRight";
				INFOPLIST_KEY_UISupportedInterfaceOrientations_iPhone = "UIInterfaceOrientationPortrait UIInterfaceOrientationLandscapeLeft UIInterfaceOrientationLandscapeRight";
				LD_RUNPATH_SEARCH_PATHS = (
					"$(inherited)",
					"@executable_path/Frameworks",
				);
				MARKETING_VERSION = 1.0;
				PRODUCT_BUNDLE_IDENTIFIER = algoria.ComposableTodo;
				PRODUCT_NAME = "$(TARGET_NAME)";
				SWIFT_EMIT_LOC_STRINGS = YES;
				SWIFT_VERSION = 5.0;
				TARGETED_DEVICE_FAMILY = "1,2";
			};
			name = Release;
		};
		FFA709692DAABB8800C97E02 /* Debug */ = {
			isa = XCBuildConfiguration;
			buildSettings = {
				BUNDLE_LOADER = "$(TEST_HOST)";
				CODE_SIGN_STYLE = Automatic;
				CURRENT_PROJECT_VERSION = 1;
				DEVELOPMENT_TEAM = 37BC8RS2XN;
				GENERATE_INFOPLIST_FILE = YES;
				IPHONEOS_DEPLOYMENT_TARGET = 18.4;
				MARKETING_VERSION = 1.0;
				PRODUCT_BUNDLE_IDENTIFIER = algoria.ComposableTodoTests;
				PRODUCT_NAME = "$(TARGET_NAME)";
				SWIFT_EMIT_LOC_STRINGS = NO;
				SWIFT_VERSION = 5.0;
				TARGETED_DEVICE_FAMILY = "1,2";
				TEST_HOST = "$(BUILT_PRODUCTS_DIR)/ComposableTodo.app/$(BUNDLE_EXECUTABLE_FOLDER_PATH)/ComposableTodo";
			};
			name = Debug;
		};
		FFA7096A2DAABB8800C97E02 /* Release */ = {
			isa = XCBuildConfiguration;
			buildSettings = {
				BUNDLE_LOADER = "$(TEST_HOST)";
				CODE_SIGN_STYLE = Automatic;
				CURRENT_PROJECT_VERSION = 1;
				DEVELOPMENT_TEAM = 37BC8RS2XN;
				GENERATE_INFOPLIST_FILE = YES;
				IPHONEOS_DEPLOYMENT_TARGET = 18.4;
				MARKETING_VERSION = 1.0;
				PRODUCT_BUNDLE_IDENTIFIER = algoria.ComposableTodoTests;
				PRODUCT_NAME = "$(TARGET_NAME)";
				SWIFT_EMIT_LOC_STRINGS = NO;
				SWIFT_VERSION = 5.0;
				TARGETED_DEVICE_FAMILY = "1,2";
				TEST_HOST = "$(BUILT_PRODUCTS_DIR)/ComposableTodo.app/$(BUNDLE_EXECUTABLE_FOLDER_PATH)/ComposableTodo";
			};
			name = Release;
		};
		FFA7096C2DAABB8800C97E02 /* Debug */ = {
			isa = XCBuildConfiguration;
			buildSettings = {
				CODE_SIGN_STYLE = Automatic;
				CURRENT_PROJECT_VERSION = 1;
				DEVELOPMENT_TEAM = 37BC8RS2XN;
				GENERATE_INFOPLIST_FILE = YES;
				MARKETING_VERSION = 1.0;
				PRODUCT_BUNDLE_IDENTIFIER = algoria.ComposableTodoUITests;
				PRODUCT_NAME = "$(TARGET_NAME)";
				SWIFT_EMIT_LOC_STRINGS = NO;
				SWIFT_VERSION = 5.0;
				TARGETED_DEVICE_FAMILY = "1,2";
				TEST_TARGET_NAME = ComposableTodo;
			};
			name = Debug;
		};
		FFA7096D2DAABB8800C97E02 /* Release */ = {
			isa = XCBuildConfiguration;
			buildSettings = {
				CODE_SIGN_STYLE = Automatic;
				CURRENT_PROJECT_VERSION = 1;
				DEVELOPMENT_TEAM = 37BC8RS2XN;
				GENERATE_INFOPLIST_FILE = YES;
				MARKETING_VERSION = 1.0;
				PRODUCT_BUNDLE_IDENTIFIER = algoria.ComposableTodoUITests;
				PRODUCT_NAME = "$(TARGET_NAME)";
				SWIFT_EMIT_LOC_STRINGS = NO;
				SWIFT_VERSION = 5.0;
				TARGETED_DEVICE_FAMILY = "1,2";
				TEST_TARGET_NAME = ComposableTodo;
			};
			name = Release;
		};
/* End XCBuildConfiguration section */

/* Begin XCConfigurationList section */
		FFA7093D2DAABB8600C97E02 /* Build configuration list for PBXProject "ComposableTodo" */ = {
			isa = XCConfigurationList;
			buildConfigurations = (
				FFA709632DAABB8800C97E02 /* Debug */,
				FFA709642DAABB8800C97E02 /* Release */,
			);
			defaultConfigurationIsVisible = 0;
			defaultConfigurationName = Release;
		};
		FFA709652DAABB8800C97E02 /* Build configuration list for PBXNativeTarget "ComposableTodo" */ = {
			isa = XCConfigurationList;
			buildConfigurations = (
				FFA709662DAABB8800C97E02 /* Debug */,
				FFA709672DAABB8800C97E02 /* Release */,
			);
			defaultConfigurationIsVisible = 0;
			defaultConfigurationName = Release;
		};
		FFA709682DAABB8800C97E02 /* Build configuration list for PBXNativeTarget "ComposableTodoTests" */ = {
			isa = XCConfigurationList;
			buildConfigurations = (
				FFA709692DAABB8800C97E02 /* Debug */,
				FFA7096A2DAABB8800C97E02 /* Release */,
			);
			defaultConfigurationIsVisible = 0;
			defaultConfigurationName = Release;
		};
		FFA7096B2DAABB8800C97E02 /* Build configuration list for PBXNativeTarget "ComposableTodoUITests" */ = {
			isa = XCConfigurationList;
			buildConfigurations = (
				FFA7096C2DAABB8800C97E02 /* Debug */,
				FFA7096D2DAABB8800C97E02 /* Release */,
			);
			defaultConfigurationIsVisible = 0;
			defaultConfigurationName = Release;
		};
/* End XCConfigurationList section */
	};
	rootObject = FFA7093A2DAABB8600C97E02 /* Project object */;
}
